
Microsoft Visual Studio Solution File, Format Version 12.00
# Visual Studio Version 17
VisualStudioVersion = 17.8.34408.163
MinimumVisualStudioVersion = 10.0.40219.1
Project("{FAE04EC0-301F-11D3-BF4B-00C04F79EFBC}") = "ExercicioVideo18", "ExercicioVideo18\ExercicioVideo18.csproj", "{9CE195BA-B9EA-4742-9796-3EA9E9A1AB51}"
EndProject
Global
	GlobalSection(SolutionConfigurationPlatforms) = preSolution
		Debug|Any CPU = Debug|Any CPU
		Release|Any CPU = Release|Any CPU
	EndGlobalSection
	GlobalSection(ProjectConfigurationPlatforms) = postSolution
		{9CE195BA-B9EA-4742-9796-3EA9E9A1AB51}.Debug|Any CPU.ActiveCfg = Debug|Any CPU
		{9CE195BA-B9EA-4742-9796-3EA9E9A1AB51}.Debug|Any CPU.Build.0 = Debug|Any CPU
		{9CE195BA-B9EA-4742-9796-3EA9E9A1AB51}.Release|Any CPU.ActiveCfg = Release|Any CPU
		{9CE195BA-B9EA-4742-9796-3EA9E9A1AB51}.Release|Any CPU.Build.0 = Release|Any CPU
	EndGlobalSection
	GlobalSection(SolutionProperties) = preSolution
		HideSolutionNode = FALSE
	EndGlobalSection
	GlobalSection(ExtensibilityGlobals) = postSolution
		SolutionGuid = {9BCD0E23-34D9-4DC3-B753-4FF328785895}
	EndGlobalSection
EndGlobal
