
Microsoft Visual Studio Solution File, Format Version 12.00
# Visual Studio Version 17
VisualStudioVersion = 17.8.34511.84
MinimumVisualStudioVersion = 10.0.40219.1
Project("{FAE04EC0-301F-11D3-BF4B-00C04F79EFBC}") = "ExerciciosAula40", "ExerciciosAula40\ExerciciosAula40.csproj", "{DA3E8D7A-23F7-4920-8C38-19DA492F271A}"
EndProject
Global
	GlobalSection(SolutionConfigurationPlatforms) = preSolution
		Debug|Any CPU = Debug|Any CPU
		Release|Any CPU = Release|Any CPU
	EndGlobalSection
	GlobalSection(ProjectConfigurationPlatforms) = postSolution
		{DA3E8D7A-23F7-4920-8C38-19DA492F271A}.Debug|Any CPU.ActiveCfg = Debug|Any CPU
		{DA3E8D7A-23F7-4920-8C38-19DA492F271A}.Debug|Any CPU.Build.0 = Debug|Any CPU
		{DA3E8D7A-23F7-4920-8C38-19DA492F271A}.Release|Any CPU.ActiveCfg = Release|Any CPU
		{DA3E8D7A-23F7-4920-8C38-19DA492F271A}.Release|Any CPU.Build.0 = Release|Any CPU
	EndGlobalSection
	GlobalSection(SolutionProperties) = preSolution
		HideSolutionNode = FALSE
	EndGlobalSection
	GlobalSection(ExtensibilityGlobals) = postSolution
		SolutionGuid = {4B0C5AB4-1931-4F18-83EF-B92A212DD736}
	EndGlobalSection
EndGlobal
